
Microsoft Visual Studio Solution File, Format Version 12.00
# Visual Studio 2013
VisualStudioVersion = 12.0.30723.0
MinimumVisualStudioVersion = 10.0.40219.1
Project("{FAE04EC0-301F-11D3-BF4B-00C04F79EFBC}") = "HelloWorld", "HelloWorld\HelloWorld.csproj", "{DF01CC4B-151C-433D-BCF9-5468614B6BF9}"
EndProject
Project("{FAE04EC0-301F-11D3-BF4B-00C04F79EFBC}") = "ChangeColorButton", "ChangeColorButton\ChangeColorButton.csproj", "{7D1DB9D6-16B8-4860-A2DF-2C5F9E7C7517}"
EndProject
Project("{FAE04EC0-301F-11D3-BF4B-00C04F79EFBC}") = "DispatcherTime", "DispatcherTime\DispatcherTime.csproj", "{C315C442-C16D-49AF-B8A7-0B8F05C70AF6}"
EndProject
Project("{FAE04EC0-301F-11D3-BF4B-00C04F79EFBC}") = "ImageExibicao", "ImageExibicao\ImageExibicao.csproj", "{C9DCFABE-5973-4C59-8549-7D0D8A355789}"
EndProject
Project("{FAE04EC0-301F-11D3-BF4B-00C04F79EFBC}") = "ChangeImageOrientation", "ChangeImageOrientation\ChangeImageOrientation.csproj", "{0C2A1A53-A91D-4576-9A57-2B5102387D91}"
EndProject
Project("{FAE04EC0-301F-11D3-BF4B-00C04F79EFBC}") = "MarkupExtension", "MarkupExtension\MarkupExtension.csproj", "{52CEF025-73F9-4E59-A538-CC4064C50058}"
EndProject
Project("{FAE04EC0-301F-11D3-BF4B-00C04F79EFBC}") = "MarkupChangeShapes", "MarkupChangeShapes\MarkupChangeShapes.csproj", "{45E4654A-D62D-4504-8B85-BCF01D79C3EF}"
EndProject
Project("{FAE04EC0-301F-11D3-BF4B-00C04F79EFBC}") = "UseStyle", "UseResources\UseStyle.csproj", "{F4D7E6E1-F5A5-4FE5-9FF7-E75C3D20BD27}"
EndProject
Project("{FAE04EC0-301F-11D3-BF4B-00C04F79EFBC}") = "LifeCicle", "LifeCicle\LifeCicle.csproj", "{E176D018-31F6-439B-BDB7-01BCBB4D08CD}"
EndProject
Project("{FAE04EC0-301F-11D3-BF4B-00C04F79EFBC}") = "NavigationPages", "NavigationPages\NavigationPages.csproj", "{1143291D-D0D2-4206-A329-118A4CDBBB09}"
EndProject
Project("{FAE04EC0-301F-11D3-BF4B-00C04F79EFBC}") = "LayoutCanvas", "LayoutCanvas\LayoutCanvas.csproj", "{28A3DE9F-D10E-46D1-A8DF-A0BF75658DB9}"
EndProject
Global
	GlobalSection(SolutionConfigurationPlatforms) = preSolution
		Debug|Any CPU = Debug|Any CPU
		Debug|ARM = Debug|ARM
		Debug|x86 = Debug|x86
		Release|Any CPU = Release|Any CPU
		Release|ARM = Release|ARM
		Release|x86 = Release|x86
	EndGlobalSection
	GlobalSection(ProjectConfigurationPlatforms) = postSolution
		{DF01CC4B-151C-433D-BCF9-5468614B6BF9}.Debug|Any CPU.ActiveCfg = Debug|Any CPU
		{DF01CC4B-151C-433D-BCF9-5468614B6BF9}.Debug|Any CPU.Build.0 = Debug|Any CPU
		{DF01CC4B-151C-433D-BCF9-5468614B6BF9}.Debug|Any CPU.Deploy.0 = Debug|Any CPU
		{DF01CC4B-151C-433D-BCF9-5468614B6BF9}.Debug|ARM.ActiveCfg = Debug|ARM
		{DF01CC4B-151C-433D-BCF9-5468614B6BF9}.Debug|ARM.Build.0 = Debug|ARM
		{DF01CC4B-151C-433D-BCF9-5468614B6BF9}.Debug|ARM.Deploy.0 = Debug|ARM
		{DF01CC4B-151C-433D-BCF9-5468614B6BF9}.Debug|x86.ActiveCfg = Debug|x86
		{DF01CC4B-151C-433D-BCF9-5468614B6BF9}.Debug|x86.Build.0 = Debug|x86
		{DF01CC4B-151C-433D-BCF9-5468614B6BF9}.Debug|x86.Deploy.0 = Debug|x86
		{DF01CC4B-151C-433D-BCF9-5468614B6BF9}.Release|Any CPU.ActiveCfg = Release|Any CPU
		{DF01CC4B-151C-433D-BCF9-5468614B6BF9}.Release|Any CPU.Build.0 = Release|Any CPU
		{DF01CC4B-151C-433D-BCF9-5468614B6BF9}.Release|Any CPU.Deploy.0 = Release|Any CPU
		{DF01CC4B-151C-433D-BCF9-5468614B6BF9}.Release|ARM.ActiveCfg = Release|ARM
		{DF01CC4B-151C-433D-BCF9-5468614B6BF9}.Release|ARM.Build.0 = Release|ARM
		{DF01CC4B-151C-433D-BCF9-5468614B6BF9}.Release|ARM.Deploy.0 = Release|ARM
		{DF01CC4B-151C-433D-BCF9-5468614B6BF9}.Release|x86.ActiveCfg = Release|x86
		{DF01CC4B-151C-433D-BCF9-5468614B6BF9}.Release|x86.Build.0 = Release|x86
		{DF01CC4B-151C-433D-BCF9-5468614B6BF9}.Release|x86.Deploy.0 = Release|x86
		{7D1DB9D6-16B8-4860-A2DF-2C5F9E7C7517}.Debug|Any CPU.ActiveCfg = Debug|Any CPU
		{7D1DB9D6-16B8-4860-A2DF-2C5F9E7C7517}.Debug|Any CPU.Build.0 = Debug|Any CPU
		{7D1DB9D6-16B8-4860-A2DF-2C5F9E7C7517}.Debug|Any CPU.Deploy.0 = Debug|Any CPU
		{7D1DB9D6-16B8-4860-A2DF-2C5F9E7C7517}.Debug|ARM.ActiveCfg = Debug|ARM
		{7D1DB9D6-16B8-4860-A2DF-2C5F9E7C7517}.Debug|ARM.Build.0 = Debug|ARM
		{7D1DB9D6-16B8-4860-A2DF-2C5F9E7C7517}.Debug|ARM.Deploy.0 = Debug|ARM
		{7D1DB9D6-16B8-4860-A2DF-2C5F9E7C7517}.Debug|x86.ActiveCfg = Debug|x86
		{7D1DB9D6-16B8-4860-A2DF-2C5F9E7C7517}.Debug|x86.Build.0 = Debug|x86
		{7D1DB9D6-16B8-4860-A2DF-2C5F9E7C7517}.Debug|x86.Deploy.0 = Debug|x86
		{7D1DB9D6-16B8-4860-A2DF-2C5F9E7C7517}.Release|Any CPU.ActiveCfg = Release|Any CPU
		{7D1DB9D6-16B8-4860-A2DF-2C5F9E7C7517}.Release|Any CPU.Build.0 = Release|Any CPU
		{7D1DB9D6-16B8-4860-A2DF-2C5F9E7C7517}.Release|Any CPU.Deploy.0 = Release|Any CPU
		{7D1DB9D6-16B8-4860-A2DF-2C5F9E7C7517}.Release|ARM.ActiveCfg = Release|ARM
		{7D1DB9D6-16B8-4860-A2DF-2C5F9E7C7517}.Release|ARM.Build.0 = Release|ARM
		{7D1DB9D6-16B8-4860-A2DF-2C5F9E7C7517}.Release|ARM.Deploy.0 = Release|ARM
		{7D1DB9D6-16B8-4860-A2DF-2C5F9E7C7517}.Release|x86.ActiveCfg = Release|x86
		{7D1DB9D6-16B8-4860-A2DF-2C5F9E7C7517}.Release|x86.Build.0 = Release|x86
		{7D1DB9D6-16B8-4860-A2DF-2C5F9E7C7517}.Release|x86.Deploy.0 = Release|x86
		{C315C442-C16D-49AF-B8A7-0B8F05C70AF6}.Debug|Any CPU.ActiveCfg = Debug|Any CPU
		{C315C442-C16D-49AF-B8A7-0B8F05C70AF6}.Debug|Any CPU.Build.0 = Debug|Any CPU
		{C315C442-C16D-49AF-B8A7-0B8F05C70AF6}.Debug|Any CPU.Deploy.0 = Debug|Any CPU
		{C315C442-C16D-49AF-B8A7-0B8F05C70AF6}.Debug|ARM.ActiveCfg = Debug|ARM
		{C315C442-C16D-49AF-B8A7-0B8F05C70AF6}.Debug|ARM.Build.0 = Debug|ARM
		{C315C442-C16D-49AF-B8A7-0B8F05C70AF6}.Debug|ARM.Deploy.0 = Debug|ARM
		{C315C442-C16D-49AF-B8A7-0B8F05C70AF6}.Debug|x86.ActiveCfg = Debug|x86
		{C315C442-C16D-49AF-B8A7-0B8F05C70AF6}.Debug|x86.Build.0 = Debug|x86
		{C315C442-C16D-49AF-B8A7-0B8F05C70AF6}.Debug|x86.Deploy.0 = Debug|x86
		{C315C442-C16D-49AF-B8A7-0B8F05C70AF6}.Release|Any CPU.ActiveCfg = Release|Any CPU
		{C315C442-C16D-49AF-B8A7-0B8F05C70AF6}.Release|Any CPU.Build.0 = Release|Any CPU
		{C315C442-C16D-49AF-B8A7-0B8F05C70AF6}.Release|Any CPU.Deploy.0 = Release|Any CPU
		{C315C442-C16D-49AF-B8A7-0B8F05C70AF6}.Release|ARM.ActiveCfg = Release|ARM
		{C315C442-C16D-49AF-B8A7-0B8F05C70AF6}.Release|ARM.Build.0 = Release|ARM
		{C315C442-C16D-49AF-B8A7-0B8F05C70AF6}.Release|ARM.Deploy.0 = Release|ARM
		{C315C442-C16D-49AF-B8A7-0B8F05C70AF6}.Release|x86.ActiveCfg = Release|x86
		{C315C442-C16D-49AF-B8A7-0B8F05C70AF6}.Release|x86.Build.0 = Release|x86
		{C315C442-C16D-49AF-B8A7-0B8F05C70AF6}.Release|x86.Deploy.0 = Release|x86
		{C9DCFABE-5973-4C59-8549-7D0D8A355789}.Debug|Any CPU.ActiveCfg = Debug|Any CPU
		{C9DCFABE-5973-4C59-8549-7D0D8A355789}.Debug|Any CPU.Build.0 = Debug|Any CPU
		{C9DCFABE-5973-4C59-8549-7D0D8A355789}.Debug|Any CPU.Deploy.0 = Debug|Any CPU
		{C9DCFABE-5973-4C59-8549-7D0D8A355789}.Debug|ARM.ActiveCfg = Debug|ARM
		{C9DCFABE-5973-4C59-8549-7D0D8A355789}.Debug|ARM.Build.0 = Debug|ARM
		{C9DCFABE-5973-4C59-8549-7D0D8A355789}.Debug|ARM.Deploy.0 = Debug|ARM
		{C9DCFABE-5973-4C59-8549-7D0D8A355789}.Debug|x86.ActiveCfg = Debug|x86
		{C9DCFABE-5973-4C59-8549-7D0D8A355789}.Debug|x86.Build.0 = Debug|x86
		{C9DCFABE-5973-4C59-8549-7D0D8A355789}.Debug|x86.Deploy.0 = Debug|x86
		{C9DCFABE-5973-4C59-8549-7D0D8A355789}.Release|Any CPU.ActiveCfg = Release|Any CPU
		{C9DCFABE-5973-4C59-8549-7D0D8A355789}.Release|Any CPU.Build.0 = Release|Any CPU
		{C9DCFABE-5973-4C59-8549-7D0D8A355789}.Release|Any CPU.Deploy.0 = Release|Any CPU
		{C9DCFABE-5973-4C59-8549-7D0D8A355789}.Release|ARM.ActiveCfg = Release|ARM
		{C9DCFABE-5973-4C59-8549-7D0D8A355789}.Release|ARM.Build.0 = Release|ARM
		{C9DCFABE-5973-4C59-8549-7D0D8A355789}.Release|ARM.Deploy.0 = Release|ARM
		{C9DCFABE-5973-4C59-8549-7D0D8A355789}.Release|x86.ActiveCfg = Release|x86
		{C9DCFABE-5973-4C59-8549-7D0D8A355789}.Release|x86.Build.0 = Release|x86
		{C9DCFABE-5973-4C59-8549-7D0D8A355789}.Release|x86.Deploy.0 = Release|x86
		{0C2A1A53-A91D-4576-9A57-2B5102387D91}.Debug|Any CPU.ActiveCfg = Debug|Any CPU
		{0C2A1A53-A91D-4576-9A57-2B5102387D91}.Debug|Any CPU.Build.0 = Debug|Any CPU
		{0C2A1A53-A91D-4576-9A57-2B5102387D91}.Debug|Any CPU.Deploy.0 = Debug|Any CPU
		{0C2A1A53-A91D-4576-9A57-2B5102387D91}.Debug|ARM.ActiveCfg = Debug|ARM
		{0C2A1A53-A91D-4576-9A57-2B5102387D91}.Debug|ARM.Build.0 = Debug|ARM
		{0C2A1A53-A91D-4576-9A57-2B5102387D91}.Debug|ARM.Deploy.0 = Debug|ARM
		{0C2A1A53-A91D-4576-9A57-2B5102387D91}.Debug|x86.ActiveCfg = Debug|x86
		{0C2A1A53-A91D-4576-9A57-2B5102387D91}.Debug|x86.Build.0 = Debug|x86
		{0C2A1A53-A91D-4576-9A57-2B5102387D91}.Debug|x86.Deploy.0 = Debug|x86
		{0C2A1A53-A91D-4576-9A57-2B5102387D91}.Release|Any CPU.ActiveCfg = Release|Any CPU
		{0C2A1A53-A91D-4576-9A57-2B5102387D91}.Release|Any CPU.Build.0 = Release|Any CPU
		{0C2A1A53-A91D-4576-9A57-2B5102387D91}.Release|Any CPU.Deploy.0 = Release|Any CPU
		{0C2A1A53-A91D-4576-9A57-2B5102387D91}.Release|ARM.ActiveCfg = Release|ARM
		{0C2A1A53-A91D-4576-9A57-2B5102387D91}.Release|ARM.Build.0 = Release|ARM
		{0C2A1A53-A91D-4576-9A57-2B5102387D91}.Release|ARM.Deploy.0 = Release|ARM
		{0C2A1A53-A91D-4576-9A57-2B5102387D91}.Release|x86.ActiveCfg = Release|x86
		{0C2A1A53-A91D-4576-9A57-2B5102387D91}.Release|x86.Build.0 = Release|x86
		{0C2A1A53-A91D-4576-9A57-2B5102387D91}.Release|x86.Deploy.0 = Release|x86
		{52CEF025-73F9-4E59-A538-CC4064C50058}.Debug|Any CPU.ActiveCfg = Debug|Any CPU
		{52CEF025-73F9-4E59-A538-CC4064C50058}.Debug|Any CPU.Build.0 = Debug|Any CPU
		{52CEF025-73F9-4E59-A538-CC4064C50058}.Debug|Any CPU.Deploy.0 = Debug|Any CPU
		{52CEF025-73F9-4E59-A538-CC4064C50058}.Debug|ARM.ActiveCfg = Debug|ARM
		{52CEF025-73F9-4E59-A538-CC4064C50058}.Debug|ARM.Build.0 = Debug|ARM
		{52CEF025-73F9-4E59-A538-CC4064C50058}.Debug|ARM.Deploy.0 = Debug|ARM
		{52CEF025-73F9-4E59-A538-CC4064C50058}.Debug|x86.ActiveCfg = Debug|x86
		{52CEF025-73F9-4E59-A538-CC4064C50058}.Debug|x86.Build.0 = Debug|x86
		{52CEF025-73F9-4E59-A538-CC4064C50058}.Debug|x86.Deploy.0 = Debug|x86
		{52CEF025-73F9-4E59-A538-CC4064C50058}.Release|Any CPU.ActiveCfg = Release|Any CPU
		{52CEF025-73F9-4E59-A538-CC4064C50058}.Release|Any CPU.Build.0 = Release|Any CPU
		{52CEF025-73F9-4E59-A538-CC4064C50058}.Release|Any CPU.Deploy.0 = Release|Any CPU
		{52CEF025-73F9-4E59-A538-CC4064C50058}.Release|ARM.ActiveCfg = Release|ARM
		{52CEF025-73F9-4E59-A538-CC4064C50058}.Release|ARM.Build.0 = Release|ARM
		{52CEF025-73F9-4E59-A538-CC4064C50058}.Release|ARM.Deploy.0 = Release|ARM
		{52CEF025-73F9-4E59-A538-CC4064C50058}.Release|x86.ActiveCfg = Release|x86
		{52CEF025-73F9-4E59-A538-CC4064C50058}.Release|x86.Build.0 = Release|x86
		{52CEF025-73F9-4E59-A538-CC4064C50058}.Release|x86.Deploy.0 = Release|x86
		{45E4654A-D62D-4504-8B85-BCF01D79C3EF}.Debug|Any CPU.ActiveCfg = Debug|Any CPU
		{45E4654A-D62D-4504-8B85-BCF01D79C3EF}.Debug|Any CPU.Build.0 = Debug|Any CPU
		{45E4654A-D62D-4504-8B85-BCF01D79C3EF}.Debug|Any CPU.Deploy.0 = Debug|Any CPU
		{45E4654A-D62D-4504-8B85-BCF01D79C3EF}.Debug|ARM.ActiveCfg = Debug|ARM
		{45E4654A-D62D-4504-8B85-BCF01D79C3EF}.Debug|ARM.Build.0 = Debug|ARM
		{45E4654A-D62D-4504-8B85-BCF01D79C3EF}.Debug|ARM.Deploy.0 = Debug|ARM
		{45E4654A-D62D-4504-8B85-BCF01D79C3EF}.Debug|x86.ActiveCfg = Debug|x86
		{45E4654A-D62D-4504-8B85-BCF01D79C3EF}.Debug|x86.Build.0 = Debug|x86
		{45E4654A-D62D-4504-8B85-BCF01D79C3EF}.Debug|x86.Deploy.0 = Debug|x86
		{45E4654A-D62D-4504-8B85-BCF01D79C3EF}.Release|Any CPU.ActiveCfg = Release|Any CPU
		{45E4654A-D62D-4504-8B85-BCF01D79C3EF}.Release|Any CPU.Build.0 = Release|Any CPU
		{45E4654A-D62D-4504-8B85-BCF01D79C3EF}.Release|Any CPU.Deploy.0 = Release|Any CPU
		{45E4654A-D62D-4504-8B85-BCF01D79C3EF}.Release|ARM.ActiveCfg = Release|ARM
		{45E4654A-D62D-4504-8B85-BCF01D79C3EF}.Release|ARM.Build.0 = Release|ARM
		{45E4654A-D62D-4504-8B85-BCF01D79C3EF}.Release|ARM.Deploy.0 = Release|ARM
		{45E4654A-D62D-4504-8B85-BCF01D79C3EF}.Release|x86.ActiveCfg = Release|x86
		{45E4654A-D62D-4504-8B85-BCF01D79C3EF}.Release|x86.Build.0 = Release|x86
		{45E4654A-D62D-4504-8B85-BCF01D79C3EF}.Release|x86.Deploy.0 = Release|x86
		{F4D7E6E1-F5A5-4FE5-9FF7-E75C3D20BD27}.Debug|Any CPU.ActiveCfg = Debug|Any CPU
		{F4D7E6E1-F5A5-4FE5-9FF7-E75C3D20BD27}.Debug|Any CPU.Build.0 = Debug|Any CPU
		{F4D7E6E1-F5A5-4FE5-9FF7-E75C3D20BD27}.Debug|Any CPU.Deploy.0 = Debug|Any CPU
		{F4D7E6E1-F5A5-4FE5-9FF7-E75C3D20BD27}.Debug|ARM.ActiveCfg = Debug|ARM
		{F4D7E6E1-F5A5-4FE5-9FF7-E75C3D20BD27}.Debug|ARM.Build.0 = Debug|ARM
		{F4D7E6E1-F5A5-4FE5-9FF7-E75C3D20BD27}.Debug|ARM.Deploy.0 = Debug|ARM
		{F4D7E6E1-F5A5-4FE5-9FF7-E75C3D20BD27}.Debug|x86.ActiveCfg = Debug|x86
		{F4D7E6E1-F5A5-4FE5-9FF7-E75C3D20BD27}.Debug|x86.Build.0 = Debug|x86
		{F4D7E6E1-F5A5-4FE5-9FF7-E75C3D20BD27}.Debug|x86.Deploy.0 = Debug|x86
		{F4D7E6E1-F5A5-4FE5-9FF7-E75C3D20BD27}.Release|Any CPU.ActiveCfg = Release|Any CPU
		{F4D7E6E1-F5A5-4FE5-9FF7-E75C3D20BD27}.Release|Any CPU.Build.0 = Release|Any CPU
		{F4D7E6E1-F5A5-4FE5-9FF7-E75C3D20BD27}.Release|Any CPU.Deploy.0 = Release|Any CPU
		{F4D7E6E1-F5A5-4FE5-9FF7-E75C3D20BD27}.Release|ARM.ActiveCfg = Release|ARM
		{F4D7E6E1-F5A5-4FE5-9FF7-E75C3D20BD27}.Release|ARM.Build.0 = Release|ARM
		{F4D7E6E1-F5A5-4FE5-9FF7-E75C3D20BD27}.Release|ARM.Deploy.0 = Release|ARM
		{F4D7E6E1-F5A5-4FE5-9FF7-E75C3D20BD27}.Release|x86.ActiveCfg = Release|x86
		{F4D7E6E1-F5A5-4FE5-9FF7-E75C3D20BD27}.Release|x86.Build.0 = Release|x86
		{F4D7E6E1-F5A5-4FE5-9FF7-E75C3D20BD27}.Release|x86.Deploy.0 = Release|x86
		{E176D018-31F6-439B-BDB7-01BCBB4D08CD}.Debug|Any CPU.ActiveCfg = Debug|Any CPU
		{E176D018-31F6-439B-BDB7-01BCBB4D08CD}.Debug|Any CPU.Build.0 = Debug|Any CPU
		{E176D018-31F6-439B-BDB7-01BCBB4D08CD}.Debug|Any CPU.Deploy.0 = Debug|Any CPU
		{E176D018-31F6-439B-BDB7-01BCBB4D08CD}.Debug|ARM.ActiveCfg = Debug|ARM
		{E176D018-31F6-439B-BDB7-01BCBB4D08CD}.Debug|ARM.Build.0 = Debug|ARM
		{E176D018-31F6-439B-BDB7-01BCBB4D08CD}.Debug|ARM.Deploy.0 = Debug|ARM
		{E176D018-31F6-439B-BDB7-01BCBB4D08CD}.Debug|x86.ActiveCfg = Debug|x86
		{E176D018-31F6-439B-BDB7-01BCBB4D08CD}.Debug|x86.Build.0 = Debug|x86
		{E176D018-31F6-439B-BDB7-01BCBB4D08CD}.Debug|x86.Deploy.0 = Debug|x86
		{E176D018-31F6-439B-BDB7-01BCBB4D08CD}.Release|Any CPU.ActiveCfg = Release|Any CPU
		{E176D018-31F6-439B-BDB7-01BCBB4D08CD}.Release|Any CPU.Build.0 = Release|Any CPU
		{E176D018-31F6-439B-BDB7-01BCBB4D08CD}.Release|Any CPU.Deploy.0 = Release|Any CPU
		{E176D018-31F6-439B-BDB7-01BCBB4D08CD}.Release|ARM.ActiveCfg = Release|ARM
		{E176D018-31F6-439B-BDB7-01BCBB4D08CD}.Release|ARM.Build.0 = Release|ARM
		{E176D018-31F6-439B-BDB7-01BCBB4D08CD}.Release|ARM.Deploy.0 = Release|ARM
		{E176D018-31F6-439B-BDB7-01BCBB4D08CD}.Release|x86.ActiveCfg = Release|x86
		{E176D018-31F6-439B-BDB7-01BCBB4D08CD}.Release|x86.Build.0 = Release|x86
		{E176D018-31F6-439B-BDB7-01BCBB4D08CD}.Release|x86.Deploy.0 = Release|x86
		{1143291D-D0D2-4206-A329-118A4CDBBB09}.Debug|Any CPU.ActiveCfg = Debug|Any CPU
		{1143291D-D0D2-4206-A329-118A4CDBBB09}.Debug|Any CPU.Build.0 = Debug|Any CPU
		{1143291D-D0D2-4206-A329-118A4CDBBB09}.Debug|Any CPU.Deploy.0 = Debug|Any CPU
		{1143291D-D0D2-4206-A329-118A4CDBBB09}.Debug|ARM.ActiveCfg = Debug|ARM
		{1143291D-D0D2-4206-A329-118A4CDBBB09}.Debug|ARM.Build.0 = Debug|ARM
		{1143291D-D0D2-4206-A329-118A4CDBBB09}.Debug|ARM.Deploy.0 = Debug|ARM
		{1143291D-D0D2-4206-A329-118A4CDBBB09}.Debug|x86.ActiveCfg = Debug|x86
		{1143291D-D0D2-4206-A329-118A4CDBBB09}.Debug|x86.Build.0 = Debug|x86
		{1143291D-D0D2-4206-A329-118A4CDBBB09}.Debug|x86.Deploy.0 = Debug|x86
		{1143291D-D0D2-4206-A329-118A4CDBBB09}.Release|Any CPU.ActiveCfg = Release|Any CPU
		{1143291D-D0D2-4206-A329-118A4CDBBB09}.Release|Any CPU.Build.0 = Release|Any CPU
		{1143291D-D0D2-4206-A329-118A4CDBBB09}.Release|Any CPU.Deploy.0 = Release|Any CPU
		{1143291D-D0D2-4206-A329-118A4CDBBB09}.Release|ARM.ActiveCfg = Release|ARM
		{1143291D-D0D2-4206-A329-118A4CDBBB09}.Release|ARM.Build.0 = Release|ARM
		{1143291D-D0D2-4206-A329-118A4CDBBB09}.Release|ARM.Deploy.0 = Release|ARM
		{1143291D-D0D2-4206-A329-118A4CDBBB09}.Release|x86.ActiveCfg = Release|x86
		{1143291D-D0D2-4206-A329-118A4CDBBB09}.Release|x86.Build.0 = Release|x86
		{1143291D-D0D2-4206-A329-118A4CDBBB09}.Release|x86.Deploy.0 = Release|x86
		{28A3DE9F-D10E-46D1-A8DF-A0BF75658DB9}.Debug|Any CPU.ActiveCfg = Debug|Any CPU
		{28A3DE9F-D10E-46D1-A8DF-A0BF75658DB9}.Debug|Any CPU.Build.0 = Debug|Any CPU
		{28A3DE9F-D10E-46D1-A8DF-A0BF75658DB9}.Debug|Any CPU.Deploy.0 = Debug|Any CPU
		{28A3DE9F-D10E-46D1-A8DF-A0BF75658DB9}.Debug|ARM.ActiveCfg = Debug|ARM
		{28A3DE9F-D10E-46D1-A8DF-A0BF75658DB9}.Debug|ARM.Build.0 = Debug|ARM
		{28A3DE9F-D10E-46D1-A8DF-A0BF75658DB9}.Debug|ARM.Deploy.0 = Debug|ARM
		{28A3DE9F-D10E-46D1-A8DF-A0BF75658DB9}.Debug|x86.ActiveCfg = Debug|x86
		{28A3DE9F-D10E-46D1-A8DF-A0BF75658DB9}.Debug|x86.Build.0 = Debug|x86
		{28A3DE9F-D10E-46D1-A8DF-A0BF75658DB9}.Debug|x86.Deploy.0 = Debug|x86
		{28A3DE9F-D10E-46D1-A8DF-A0BF75658DB9}.Release|Any CPU.ActiveCfg = Release|Any CPU
		{28A3DE9F-D10E-46D1-A8DF-A0BF75658DB9}.Release|Any CPU.Build.0 = Release|Any CPU
		{28A3DE9F-D10E-46D1-A8DF-A0BF75658DB9}.Release|Any CPU.Deploy.0 = Release|Any CPU
		{28A3DE9F-D10E-46D1-A8DF-A0BF75658DB9}.Release|ARM.ActiveCfg = Release|ARM
		{28A3DE9F-D10E-46D1-A8DF-A0BF75658DB9}.Release|ARM.Build.0 = Release|ARM
		{28A3DE9F-D10E-46D1-A8DF-A0BF75658DB9}.Release|ARM.Deploy.0 = Release|ARM
		{28A3DE9F-D10E-46D1-A8DF-A0BF75658DB9}.Release|x86.ActiveCfg = Release|x86
		{28A3DE9F-D10E-46D1-A8DF-A0BF75658DB9}.Release|x86.Build.0 = Release|x86
		{28A3DE9F-D10E-46D1-A8DF-A0BF75658DB9}.Release|x86.Deploy.0 = Release|x86
	EndGlobalSection
	GlobalSection(SolutionProperties) = preSolution
		HideSolutionNode = FALSE
	EndGlobalSection
EndGlobal
