
Microsoft Visual Studio Solution File, Format Version 12.00
# Visual Studio 2013
VisualStudioVersion = 12.0.30723.0
MinimumVisualStudioVersion = 10.0.40219.1
Project("{FAE04EC0-301F-11D3-BF4B-00C04F79EFBC}") = "Acelerometro", "Acelerometro\Acelerometro.csproj", "{F579089A-744C-4320-9AC5-C0B45BDCB021}"
EndProject
Project("{FAE04EC0-301F-11D3-BF4B-00C04F79EFBC}") = "GeoLocation", "GeoLocation\GeoLocation.csproj", "{124DF55F-9FE6-4C62-8F51-1473D80100CA}"
EndProject
Project("{FAE04EC0-301F-11D3-BF4B-00C04F79EFBC}") = "BancoDeDados", "BancoDeDados\BancoDeDados.csproj", "{A795C7CA-6B17-4F2F-9FE2-552EC98BA099}"
EndProject
Project("{FAE04EC0-301F-11D3-BF4B-00C04F79EFBC}") = "ConsultaWebService", "ConsultaWebService\ConsultaWebService.csproj", "{0A57ABBB-1A40-493C-8647-B8372A5A5FE7}"
EndProject
Project("{FAE04EC0-301F-11D3-BF4B-00C04F79EFBC}") = "ConsultaWebServiceJson", "ConsultaWebServiceJson\ConsultaWebServiceJson.csproj", "{D4F24092-BA45-4D9B-B4E3-A6B37D4CEF0C}"
EndProject
Project("{FAE04EC0-301F-11D3-BF4B-00C04F79EFBC}") = "CameraExample", "CameraExample\CameraExample.csproj", "{BB0760A4-49D9-49E4-9E91-0C121471E594}"
EndProject
Project("{FAE04EC0-301F-11D3-BF4B-00C04F79EFBC}") = "Microfone", "Microfone\Microfone.csproj", "{9789DC88-BA15-471D-92C1-3A47BBC89F67}"
EndProject
Global
	GlobalSection(SolutionConfigurationPlatforms) = preSolution
		Debug|Any CPU = Debug|Any CPU
		Debug|ARM = Debug|ARM
		Debug|x86 = Debug|x86
		Release|Any CPU = Release|Any CPU
		Release|ARM = Release|ARM
		Release|x86 = Release|x86
	EndGlobalSection
	GlobalSection(ProjectConfigurationPlatforms) = postSolution
		{F579089A-744C-4320-9AC5-C0B45BDCB021}.Debug|Any CPU.ActiveCfg = Debug|Any CPU
		{F579089A-744C-4320-9AC5-C0B45BDCB021}.Debug|Any CPU.Build.0 = Debug|Any CPU
		{F579089A-744C-4320-9AC5-C0B45BDCB021}.Debug|Any CPU.Deploy.0 = Debug|Any CPU
		{F579089A-744C-4320-9AC5-C0B45BDCB021}.Debug|ARM.ActiveCfg = Debug|ARM
		{F579089A-744C-4320-9AC5-C0B45BDCB021}.Debug|ARM.Build.0 = Debug|ARM
		{F579089A-744C-4320-9AC5-C0B45BDCB021}.Debug|ARM.Deploy.0 = Debug|ARM
		{F579089A-744C-4320-9AC5-C0B45BDCB021}.Debug|x86.ActiveCfg = Debug|x86
		{F579089A-744C-4320-9AC5-C0B45BDCB021}.Debug|x86.Build.0 = Debug|x86
		{F579089A-744C-4320-9AC5-C0B45BDCB021}.Debug|x86.Deploy.0 = Debug|x86
		{F579089A-744C-4320-9AC5-C0B45BDCB021}.Release|Any CPU.ActiveCfg = Release|Any CPU
		{F579089A-744C-4320-9AC5-C0B45BDCB021}.Release|Any CPU.Build.0 = Release|Any CPU
		{F579089A-744C-4320-9AC5-C0B45BDCB021}.Release|Any CPU.Deploy.0 = Release|Any CPU
		{F579089A-744C-4320-9AC5-C0B45BDCB021}.Release|ARM.ActiveCfg = Release|ARM
		{F579089A-744C-4320-9AC5-C0B45BDCB021}.Release|ARM.Build.0 = Release|ARM
		{F579089A-744C-4320-9AC5-C0B45BDCB021}.Release|ARM.Deploy.0 = Release|ARM
		{F579089A-744C-4320-9AC5-C0B45BDCB021}.Release|x86.ActiveCfg = Release|x86
		{F579089A-744C-4320-9AC5-C0B45BDCB021}.Release|x86.Build.0 = Release|x86
		{F579089A-744C-4320-9AC5-C0B45BDCB021}.Release|x86.Deploy.0 = Release|x86
		{124DF55F-9FE6-4C62-8F51-1473D80100CA}.Debug|Any CPU.ActiveCfg = Debug|Any CPU
		{124DF55F-9FE6-4C62-8F51-1473D80100CA}.Debug|Any CPU.Build.0 = Debug|Any CPU
		{124DF55F-9FE6-4C62-8F51-1473D80100CA}.Debug|Any CPU.Deploy.0 = Debug|Any CPU
		{124DF55F-9FE6-4C62-8F51-1473D80100CA}.Debug|ARM.ActiveCfg = Debug|ARM
		{124DF55F-9FE6-4C62-8F51-1473D80100CA}.Debug|ARM.Build.0 = Debug|ARM
		{124DF55F-9FE6-4C62-8F51-1473D80100CA}.Debug|ARM.Deploy.0 = Debug|ARM
		{124DF55F-9FE6-4C62-8F51-1473D80100CA}.Debug|x86.ActiveCfg = Debug|x86
		{124DF55F-9FE6-4C62-8F51-1473D80100CA}.Debug|x86.Build.0 = Debug|x86
		{124DF55F-9FE6-4C62-8F51-1473D80100CA}.Debug|x86.Deploy.0 = Debug|x86
		{124DF55F-9FE6-4C62-8F51-1473D80100CA}.Release|Any CPU.ActiveCfg = Release|Any CPU
		{124DF55F-9FE6-4C62-8F51-1473D80100CA}.Release|Any CPU.Build.0 = Release|Any CPU
		{124DF55F-9FE6-4C62-8F51-1473D80100CA}.Release|Any CPU.Deploy.0 = Release|Any CPU
		{124DF55F-9FE6-4C62-8F51-1473D80100CA}.Release|ARM.ActiveCfg = Release|ARM
		{124DF55F-9FE6-4C62-8F51-1473D80100CA}.Release|ARM.Build.0 = Release|ARM
		{124DF55F-9FE6-4C62-8F51-1473D80100CA}.Release|ARM.Deploy.0 = Release|ARM
		{124DF55F-9FE6-4C62-8F51-1473D80100CA}.Release|x86.ActiveCfg = Release|x86
		{124DF55F-9FE6-4C62-8F51-1473D80100CA}.Release|x86.Build.0 = Release|x86
		{124DF55F-9FE6-4C62-8F51-1473D80100CA}.Release|x86.Deploy.0 = Release|x86
		{A795C7CA-6B17-4F2F-9FE2-552EC98BA099}.Debug|Any CPU.ActiveCfg = Debug|Any CPU
		{A795C7CA-6B17-4F2F-9FE2-552EC98BA099}.Debug|Any CPU.Build.0 = Debug|Any CPU
		{A795C7CA-6B17-4F2F-9FE2-552EC98BA099}.Debug|Any CPU.Deploy.0 = Debug|Any CPU
		{A795C7CA-6B17-4F2F-9FE2-552EC98BA099}.Debug|ARM.ActiveCfg = Debug|ARM
		{A795C7CA-6B17-4F2F-9FE2-552EC98BA099}.Debug|ARM.Build.0 = Debug|ARM
		{A795C7CA-6B17-4F2F-9FE2-552EC98BA099}.Debug|ARM.Deploy.0 = Debug|ARM
		{A795C7CA-6B17-4F2F-9FE2-552EC98BA099}.Debug|x86.ActiveCfg = Debug|x86
		{A795C7CA-6B17-4F2F-9FE2-552EC98BA099}.Debug|x86.Build.0 = Debug|x86
		{A795C7CA-6B17-4F2F-9FE2-552EC98BA099}.Debug|x86.Deploy.0 = Debug|x86
		{A795C7CA-6B17-4F2F-9FE2-552EC98BA099}.Release|Any CPU.ActiveCfg = Release|Any CPU
		{A795C7CA-6B17-4F2F-9FE2-552EC98BA099}.Release|Any CPU.Build.0 = Release|Any CPU
		{A795C7CA-6B17-4F2F-9FE2-552EC98BA099}.Release|Any CPU.Deploy.0 = Release|Any CPU
		{A795C7CA-6B17-4F2F-9FE2-552EC98BA099}.Release|ARM.ActiveCfg = Release|ARM
		{A795C7CA-6B17-4F2F-9FE2-552EC98BA099}.Release|ARM.Build.0 = Release|ARM
		{A795C7CA-6B17-4F2F-9FE2-552EC98BA099}.Release|ARM.Deploy.0 = Release|ARM
		{A795C7CA-6B17-4F2F-9FE2-552EC98BA099}.Release|x86.ActiveCfg = Release|x86
		{A795C7CA-6B17-4F2F-9FE2-552EC98BA099}.Release|x86.Build.0 = Release|x86
		{A795C7CA-6B17-4F2F-9FE2-552EC98BA099}.Release|x86.Deploy.0 = Release|x86
		{0A57ABBB-1A40-493C-8647-B8372A5A5FE7}.Debug|Any CPU.ActiveCfg = Debug|Any CPU
		{0A57ABBB-1A40-493C-8647-B8372A5A5FE7}.Debug|Any CPU.Build.0 = Debug|Any CPU
		{0A57ABBB-1A40-493C-8647-B8372A5A5FE7}.Debug|Any CPU.Deploy.0 = Debug|Any CPU
		{0A57ABBB-1A40-493C-8647-B8372A5A5FE7}.Debug|ARM.ActiveCfg = Debug|ARM
		{0A57ABBB-1A40-493C-8647-B8372A5A5FE7}.Debug|ARM.Build.0 = Debug|ARM
		{0A57ABBB-1A40-493C-8647-B8372A5A5FE7}.Debug|ARM.Deploy.0 = Debug|ARM
		{0A57ABBB-1A40-493C-8647-B8372A5A5FE7}.Debug|x86.ActiveCfg = Debug|x86
		{0A57ABBB-1A40-493C-8647-B8372A5A5FE7}.Debug|x86.Build.0 = Debug|x86
		{0A57ABBB-1A40-493C-8647-B8372A5A5FE7}.Debug|x86.Deploy.0 = Debug|x86
		{0A57ABBB-1A40-493C-8647-B8372A5A5FE7}.Release|Any CPU.ActiveCfg = Release|Any CPU
		{0A57ABBB-1A40-493C-8647-B8372A5A5FE7}.Release|Any CPU.Build.0 = Release|Any CPU
		{0A57ABBB-1A40-493C-8647-B8372A5A5FE7}.Release|Any CPU.Deploy.0 = Release|Any CPU
		{0A57ABBB-1A40-493C-8647-B8372A5A5FE7}.Release|ARM.ActiveCfg = Release|ARM
		{0A57ABBB-1A40-493C-8647-B8372A5A5FE7}.Release|ARM.Build.0 = Release|ARM
		{0A57ABBB-1A40-493C-8647-B8372A5A5FE7}.Release|ARM.Deploy.0 = Release|ARM
		{0A57ABBB-1A40-493C-8647-B8372A5A5FE7}.Release|x86.ActiveCfg = Release|x86
		{0A57ABBB-1A40-493C-8647-B8372A5A5FE7}.Release|x86.Build.0 = Release|x86
		{0A57ABBB-1A40-493C-8647-B8372A5A5FE7}.Release|x86.Deploy.0 = Release|x86
		{D4F24092-BA45-4D9B-B4E3-A6B37D4CEF0C}.Debug|Any CPU.ActiveCfg = Debug|Any CPU
		{D4F24092-BA45-4D9B-B4E3-A6B37D4CEF0C}.Debug|Any CPU.Build.0 = Debug|Any CPU
		{D4F24092-BA45-4D9B-B4E3-A6B37D4CEF0C}.Debug|Any CPU.Deploy.0 = Debug|Any CPU
		{D4F24092-BA45-4D9B-B4E3-A6B37D4CEF0C}.Debug|ARM.ActiveCfg = Debug|ARM
		{D4F24092-BA45-4D9B-B4E3-A6B37D4CEF0C}.Debug|ARM.Build.0 = Debug|ARM
		{D4F24092-BA45-4D9B-B4E3-A6B37D4CEF0C}.Debug|ARM.Deploy.0 = Debug|ARM
		{D4F24092-BA45-4D9B-B4E3-A6B37D4CEF0C}.Debug|x86.ActiveCfg = Debug|x86
		{D4F24092-BA45-4D9B-B4E3-A6B37D4CEF0C}.Debug|x86.Build.0 = Debug|x86
		{D4F24092-BA45-4D9B-B4E3-A6B37D4CEF0C}.Debug|x86.Deploy.0 = Debug|x86
		{D4F24092-BA45-4D9B-B4E3-A6B37D4CEF0C}.Release|Any CPU.ActiveCfg = Release|Any CPU
		{D4F24092-BA45-4D9B-B4E3-A6B37D4CEF0C}.Release|Any CPU.Build.0 = Release|Any CPU
		{D4F24092-BA45-4D9B-B4E3-A6B37D4CEF0C}.Release|Any CPU.Deploy.0 = Release|Any CPU
		{D4F24092-BA45-4D9B-B4E3-A6B37D4CEF0C}.Release|ARM.ActiveCfg = Release|ARM
		{D4F24092-BA45-4D9B-B4E3-A6B37D4CEF0C}.Release|ARM.Build.0 = Release|ARM
		{D4F24092-BA45-4D9B-B4E3-A6B37D4CEF0C}.Release|ARM.Deploy.0 = Release|ARM
		{D4F24092-BA45-4D9B-B4E3-A6B37D4CEF0C}.Release|x86.ActiveCfg = Release|x86
		{D4F24092-BA45-4D9B-B4E3-A6B37D4CEF0C}.Release|x86.Build.0 = Release|x86
		{D4F24092-BA45-4D9B-B4E3-A6B37D4CEF0C}.Release|x86.Deploy.0 = Release|x86
		{BB0760A4-49D9-49E4-9E91-0C121471E594}.Debug|Any CPU.ActiveCfg = Debug|Any CPU
		{BB0760A4-49D9-49E4-9E91-0C121471E594}.Debug|Any CPU.Build.0 = Debug|Any CPU
		{BB0760A4-49D9-49E4-9E91-0C121471E594}.Debug|Any CPU.Deploy.0 = Debug|Any CPU
		{BB0760A4-49D9-49E4-9E91-0C121471E594}.Debug|ARM.ActiveCfg = Debug|ARM
		{BB0760A4-49D9-49E4-9E91-0C121471E594}.Debug|ARM.Build.0 = Debug|ARM
		{BB0760A4-49D9-49E4-9E91-0C121471E594}.Debug|ARM.Deploy.0 = Debug|ARM
		{BB0760A4-49D9-49E4-9E91-0C121471E594}.Debug|x86.ActiveCfg = Debug|x86
		{BB0760A4-49D9-49E4-9E91-0C121471E594}.Debug|x86.Build.0 = Debug|x86
		{BB0760A4-49D9-49E4-9E91-0C121471E594}.Debug|x86.Deploy.0 = Debug|x86
		{BB0760A4-49D9-49E4-9E91-0C121471E594}.Release|Any CPU.ActiveCfg = Release|Any CPU
		{BB0760A4-49D9-49E4-9E91-0C121471E594}.Release|Any CPU.Build.0 = Release|Any CPU
		{BB0760A4-49D9-49E4-9E91-0C121471E594}.Release|Any CPU.Deploy.0 = Release|Any CPU
		{BB0760A4-49D9-49E4-9E91-0C121471E594}.Release|ARM.ActiveCfg = Release|ARM
		{BB0760A4-49D9-49E4-9E91-0C121471E594}.Release|ARM.Build.0 = Release|ARM
		{BB0760A4-49D9-49E4-9E91-0C121471E594}.Release|ARM.Deploy.0 = Release|ARM
		{BB0760A4-49D9-49E4-9E91-0C121471E594}.Release|x86.ActiveCfg = Release|x86
		{BB0760A4-49D9-49E4-9E91-0C121471E594}.Release|x86.Build.0 = Release|x86
		{BB0760A4-49D9-49E4-9E91-0C121471E594}.Release|x86.Deploy.0 = Release|x86
		{9789DC88-BA15-471D-92C1-3A47BBC89F67}.Debug|Any CPU.ActiveCfg = Debug|Any CPU
		{9789DC88-BA15-471D-92C1-3A47BBC89F67}.Debug|Any CPU.Build.0 = Debug|Any CPU
		{9789DC88-BA15-471D-92C1-3A47BBC89F67}.Debug|Any CPU.Deploy.0 = Debug|Any CPU
		{9789DC88-BA15-471D-92C1-3A47BBC89F67}.Debug|ARM.ActiveCfg = Debug|ARM
		{9789DC88-BA15-471D-92C1-3A47BBC89F67}.Debug|ARM.Build.0 = Debug|ARM
		{9789DC88-BA15-471D-92C1-3A47BBC89F67}.Debug|ARM.Deploy.0 = Debug|ARM
		{9789DC88-BA15-471D-92C1-3A47BBC89F67}.Debug|x86.ActiveCfg = Debug|x86
		{9789DC88-BA15-471D-92C1-3A47BBC89F67}.Debug|x86.Build.0 = Debug|x86
		{9789DC88-BA15-471D-92C1-3A47BBC89F67}.Debug|x86.Deploy.0 = Debug|x86
		{9789DC88-BA15-471D-92C1-3A47BBC89F67}.Release|Any CPU.ActiveCfg = Release|Any CPU
		{9789DC88-BA15-471D-92C1-3A47BBC89F67}.Release|Any CPU.Build.0 = Release|Any CPU
		{9789DC88-BA15-471D-92C1-3A47BBC89F67}.Release|Any CPU.Deploy.0 = Release|Any CPU
		{9789DC88-BA15-471D-92C1-3A47BBC89F67}.Release|ARM.ActiveCfg = Release|ARM
		{9789DC88-BA15-471D-92C1-3A47BBC89F67}.Release|ARM.Build.0 = Release|ARM
		{9789DC88-BA15-471D-92C1-3A47BBC89F67}.Release|ARM.Deploy.0 = Release|ARM
		{9789DC88-BA15-471D-92C1-3A47BBC89F67}.Release|x86.ActiveCfg = Release|x86
		{9789DC88-BA15-471D-92C1-3A47BBC89F67}.Release|x86.Build.0 = Release|x86
		{9789DC88-BA15-471D-92C1-3A47BBC89F67}.Release|x86.Deploy.0 = Release|x86
	EndGlobalSection
	GlobalSection(SolutionProperties) = preSolution
		HideSolutionNode = FALSE
	EndGlobalSection
EndGlobal
