
Microsoft Visual Studio Solution File, Format Version 12.00
# Visual Studio 2013
VisualStudioVersion = 12.0.30723.0
MinimumVisualStudioVersion = 10.0.40219.1
Project("{FAE04EC0-301F-11D3-BF4B-00C04F79EFBC}") = "ExemploContatos", "Pivot\ExemploContatos.csproj", "{9D473030-B283-4A1C-AECE-1F9568044BA4}"
EndProject
Project("{FAE04EC0-301F-11D3-BF4B-00C04F79EFBC}") = "LocalizationLanguage", "LocalizationLanguage\LocalizationLanguage.csproj", "{41A66F3E-AA59-4A53-BA55-EAC625C9C067}"
EndProject
Project("{FAE04EC0-301F-11D3-BF4B-00C04F79EFBC}") = "Shapes", "Shapes\Shapes.csproj", "{E020FA5D-C293-4A63-B553-7D29E6A92D71}"
EndProject
Project("{FAE04EC0-301F-11D3-BF4B-00C04F79EFBC}") = "DrawApplication", "DrawApplication\DrawApplication.csproj", "{236AEEA0-2DA6-4A33-9E09-BF5969C4E4CB}"
EndProject
Project("{FAE04EC0-301F-11D3-BF4B-00C04F79EFBC}") = "PathExample", "PathExample\PathExample.csproj", "{FBD70CFA-B336-4729-AC92-562072020D6E}"
EndProject
Project("{FAE04EC0-301F-11D3-BF4B-00C04F79EFBC}") = "Transforms", "Transforms\Transforms.csproj", "{DA7EB282-9B64-45F8-91D3-4405879C41BE}"
EndProject
Project("{FAE04EC0-301F-11D3-BF4B-00C04F79EFBC}") = "TransformEmbos", "TransformEmbos\TransformEmbos.csproj", "{413F83C2-AA34-4860-95B4-247844930589}"
EndProject
Project("{FAE04EC0-301F-11D3-BF4B-00C04F79EFBC}") = "AppBarComponent", "AppBarComponent\AppBarComponent.csproj", "{055F7C22-C851-4509-815F-642B5A436878}"
EndProject
Project("{FAE04EC0-301F-11D3-BF4B-00C04F79EFBC}") = "Controllers", "Controllers\Controllers.csproj", "{031F6384-2C67-434F-A44F-325CFEFCDE2C}"
EndProject
Project("{FAE04EC0-301F-11D3-BF4B-00C04F79EFBC}") = "MediaController", "MediaController\MediaController.csproj", "{6A39E985-2B12-4954-A0FC-C72778CDA831}"
EndProject
Project("{FAE04EC0-301F-11D3-BF4B-00C04F79EFBC}") = "Toolkit", "Toolkit\Toolkit.csproj", "{62E4C48F-6EE5-4813-B121-ACF5B24D8EBE}"
EndProject
Project("{FAE04EC0-301F-11D3-BF4B-00C04F79EFBC}") = "ToolkitUsage", "ToolkitUsage\ToolkitUsage.csproj", "{DE6A82FD-3410-4CD9-97E8-A5356F6E534C}"
EndProject
Global
	GlobalSection(SolutionConfigurationPlatforms) = preSolution
		Debug|Any CPU = Debug|Any CPU
		Debug|ARM = Debug|ARM
		Debug|x86 = Debug|x86
		Release|Any CPU = Release|Any CPU
		Release|ARM = Release|ARM
		Release|x86 = Release|x86
	EndGlobalSection
	GlobalSection(ProjectConfigurationPlatforms) = postSolution
		{9D473030-B283-4A1C-AECE-1F9568044BA4}.Debug|Any CPU.ActiveCfg = Debug|Any CPU
		{9D473030-B283-4A1C-AECE-1F9568044BA4}.Debug|Any CPU.Build.0 = Debug|Any CPU
		{9D473030-B283-4A1C-AECE-1F9568044BA4}.Debug|Any CPU.Deploy.0 = Debug|Any CPU
		{9D473030-B283-4A1C-AECE-1F9568044BA4}.Debug|ARM.ActiveCfg = Debug|ARM
		{9D473030-B283-4A1C-AECE-1F9568044BA4}.Debug|ARM.Build.0 = Debug|ARM
		{9D473030-B283-4A1C-AECE-1F9568044BA4}.Debug|ARM.Deploy.0 = Debug|ARM
		{9D473030-B283-4A1C-AECE-1F9568044BA4}.Debug|x86.ActiveCfg = Debug|x86
		{9D473030-B283-4A1C-AECE-1F9568044BA4}.Debug|x86.Build.0 = Debug|x86
		{9D473030-B283-4A1C-AECE-1F9568044BA4}.Debug|x86.Deploy.0 = Debug|x86
		{9D473030-B283-4A1C-AECE-1F9568044BA4}.Release|Any CPU.ActiveCfg = Release|Any CPU
		{9D473030-B283-4A1C-AECE-1F9568044BA4}.Release|Any CPU.Build.0 = Release|Any CPU
		{9D473030-B283-4A1C-AECE-1F9568044BA4}.Release|Any CPU.Deploy.0 = Release|Any CPU
		{9D473030-B283-4A1C-AECE-1F9568044BA4}.Release|ARM.ActiveCfg = Release|ARM
		{9D473030-B283-4A1C-AECE-1F9568044BA4}.Release|ARM.Build.0 = Release|ARM
		{9D473030-B283-4A1C-AECE-1F9568044BA4}.Release|ARM.Deploy.0 = Release|ARM
		{9D473030-B283-4A1C-AECE-1F9568044BA4}.Release|x86.ActiveCfg = Release|x86
		{9D473030-B283-4A1C-AECE-1F9568044BA4}.Release|x86.Build.0 = Release|x86
		{9D473030-B283-4A1C-AECE-1F9568044BA4}.Release|x86.Deploy.0 = Release|x86
		{41A66F3E-AA59-4A53-BA55-EAC625C9C067}.Debug|Any CPU.ActiveCfg = Debug|Any CPU
		{41A66F3E-AA59-4A53-BA55-EAC625C9C067}.Debug|Any CPU.Build.0 = Debug|Any CPU
		{41A66F3E-AA59-4A53-BA55-EAC625C9C067}.Debug|Any CPU.Deploy.0 = Debug|Any CPU
		{41A66F3E-AA59-4A53-BA55-EAC625C9C067}.Debug|ARM.ActiveCfg = Debug|ARM
		{41A66F3E-AA59-4A53-BA55-EAC625C9C067}.Debug|ARM.Build.0 = Debug|ARM
		{41A66F3E-AA59-4A53-BA55-EAC625C9C067}.Debug|ARM.Deploy.0 = Debug|ARM
		{41A66F3E-AA59-4A53-BA55-EAC625C9C067}.Debug|x86.ActiveCfg = Debug|x86
		{41A66F3E-AA59-4A53-BA55-EAC625C9C067}.Debug|x86.Build.0 = Debug|x86
		{41A66F3E-AA59-4A53-BA55-EAC625C9C067}.Debug|x86.Deploy.0 = Debug|x86
		{41A66F3E-AA59-4A53-BA55-EAC625C9C067}.Release|Any CPU.ActiveCfg = Release|Any CPU
		{41A66F3E-AA59-4A53-BA55-EAC625C9C067}.Release|Any CPU.Build.0 = Release|Any CPU
		{41A66F3E-AA59-4A53-BA55-EAC625C9C067}.Release|Any CPU.Deploy.0 = Release|Any CPU
		{41A66F3E-AA59-4A53-BA55-EAC625C9C067}.Release|ARM.ActiveCfg = Release|ARM
		{41A66F3E-AA59-4A53-BA55-EAC625C9C067}.Release|ARM.Build.0 = Release|ARM
		{41A66F3E-AA59-4A53-BA55-EAC625C9C067}.Release|ARM.Deploy.0 = Release|ARM
		{41A66F3E-AA59-4A53-BA55-EAC625C9C067}.Release|x86.ActiveCfg = Release|x86
		{41A66F3E-AA59-4A53-BA55-EAC625C9C067}.Release|x86.Build.0 = Release|x86
		{41A66F3E-AA59-4A53-BA55-EAC625C9C067}.Release|x86.Deploy.0 = Release|x86
		{E020FA5D-C293-4A63-B553-7D29E6A92D71}.Debug|Any CPU.ActiveCfg = Debug|Any CPU
		{E020FA5D-C293-4A63-B553-7D29E6A92D71}.Debug|Any CPU.Build.0 = Debug|Any CPU
		{E020FA5D-C293-4A63-B553-7D29E6A92D71}.Debug|Any CPU.Deploy.0 = Debug|Any CPU
		{E020FA5D-C293-4A63-B553-7D29E6A92D71}.Debug|ARM.ActiveCfg = Debug|ARM
		{E020FA5D-C293-4A63-B553-7D29E6A92D71}.Debug|ARM.Build.0 = Debug|ARM
		{E020FA5D-C293-4A63-B553-7D29E6A92D71}.Debug|ARM.Deploy.0 = Debug|ARM
		{E020FA5D-C293-4A63-B553-7D29E6A92D71}.Debug|x86.ActiveCfg = Debug|x86
		{E020FA5D-C293-4A63-B553-7D29E6A92D71}.Debug|x86.Build.0 = Debug|x86
		{E020FA5D-C293-4A63-B553-7D29E6A92D71}.Debug|x86.Deploy.0 = Debug|x86
		{E020FA5D-C293-4A63-B553-7D29E6A92D71}.Release|Any CPU.ActiveCfg = Release|Any CPU
		{E020FA5D-C293-4A63-B553-7D29E6A92D71}.Release|Any CPU.Build.0 = Release|Any CPU
		{E020FA5D-C293-4A63-B553-7D29E6A92D71}.Release|Any CPU.Deploy.0 = Release|Any CPU
		{E020FA5D-C293-4A63-B553-7D29E6A92D71}.Release|ARM.ActiveCfg = Release|ARM
		{E020FA5D-C293-4A63-B553-7D29E6A92D71}.Release|ARM.Build.0 = Release|ARM
		{E020FA5D-C293-4A63-B553-7D29E6A92D71}.Release|ARM.Deploy.0 = Release|ARM
		{E020FA5D-C293-4A63-B553-7D29E6A92D71}.Release|x86.ActiveCfg = Release|x86
		{E020FA5D-C293-4A63-B553-7D29E6A92D71}.Release|x86.Build.0 = Release|x86
		{E020FA5D-C293-4A63-B553-7D29E6A92D71}.Release|x86.Deploy.0 = Release|x86
		{236AEEA0-2DA6-4A33-9E09-BF5969C4E4CB}.Debug|Any CPU.ActiveCfg = Debug|Any CPU
		{236AEEA0-2DA6-4A33-9E09-BF5969C4E4CB}.Debug|Any CPU.Build.0 = Debug|Any CPU
		{236AEEA0-2DA6-4A33-9E09-BF5969C4E4CB}.Debug|Any CPU.Deploy.0 = Debug|Any CPU
		{236AEEA0-2DA6-4A33-9E09-BF5969C4E4CB}.Debug|ARM.ActiveCfg = Debug|ARM
		{236AEEA0-2DA6-4A33-9E09-BF5969C4E4CB}.Debug|ARM.Build.0 = Debug|ARM
		{236AEEA0-2DA6-4A33-9E09-BF5969C4E4CB}.Debug|ARM.Deploy.0 = Debug|ARM
		{236AEEA0-2DA6-4A33-9E09-BF5969C4E4CB}.Debug|x86.ActiveCfg = Debug|x86
		{236AEEA0-2DA6-4A33-9E09-BF5969C4E4CB}.Debug|x86.Build.0 = Debug|x86
		{236AEEA0-2DA6-4A33-9E09-BF5969C4E4CB}.Debug|x86.Deploy.0 = Debug|x86
		{236AEEA0-2DA6-4A33-9E09-BF5969C4E4CB}.Release|Any CPU.ActiveCfg = Release|Any CPU
		{236AEEA0-2DA6-4A33-9E09-BF5969C4E4CB}.Release|Any CPU.Build.0 = Release|Any CPU
		{236AEEA0-2DA6-4A33-9E09-BF5969C4E4CB}.Release|Any CPU.Deploy.0 = Release|Any CPU
		{236AEEA0-2DA6-4A33-9E09-BF5969C4E4CB}.Release|ARM.ActiveCfg = Release|ARM
		{236AEEA0-2DA6-4A33-9E09-BF5969C4E4CB}.Release|ARM.Build.0 = Release|ARM
		{236AEEA0-2DA6-4A33-9E09-BF5969C4E4CB}.Release|ARM.Deploy.0 = Release|ARM
		{236AEEA0-2DA6-4A33-9E09-BF5969C4E4CB}.Release|x86.ActiveCfg = Release|x86
		{236AEEA0-2DA6-4A33-9E09-BF5969C4E4CB}.Release|x86.Build.0 = Release|x86
		{236AEEA0-2DA6-4A33-9E09-BF5969C4E4CB}.Release|x86.Deploy.0 = Release|x86
		{FBD70CFA-B336-4729-AC92-562072020D6E}.Debug|Any CPU.ActiveCfg = Debug|Any CPU
		{FBD70CFA-B336-4729-AC92-562072020D6E}.Debug|Any CPU.Build.0 = Debug|Any CPU
		{FBD70CFA-B336-4729-AC92-562072020D6E}.Debug|Any CPU.Deploy.0 = Debug|Any CPU
		{FBD70CFA-B336-4729-AC92-562072020D6E}.Debug|ARM.ActiveCfg = Debug|ARM
		{FBD70CFA-B336-4729-AC92-562072020D6E}.Debug|ARM.Build.0 = Debug|ARM
		{FBD70CFA-B336-4729-AC92-562072020D6E}.Debug|ARM.Deploy.0 = Debug|ARM
		{FBD70CFA-B336-4729-AC92-562072020D6E}.Debug|x86.ActiveCfg = Debug|x86
		{FBD70CFA-B336-4729-AC92-562072020D6E}.Debug|x86.Build.0 = Debug|x86
		{FBD70CFA-B336-4729-AC92-562072020D6E}.Debug|x86.Deploy.0 = Debug|x86
		{FBD70CFA-B336-4729-AC92-562072020D6E}.Release|Any CPU.ActiveCfg = Release|Any CPU
		{FBD70CFA-B336-4729-AC92-562072020D6E}.Release|Any CPU.Build.0 = Release|Any CPU
		{FBD70CFA-B336-4729-AC92-562072020D6E}.Release|Any CPU.Deploy.0 = Release|Any CPU
		{FBD70CFA-B336-4729-AC92-562072020D6E}.Release|ARM.ActiveCfg = Release|ARM
		{FBD70CFA-B336-4729-AC92-562072020D6E}.Release|ARM.Build.0 = Release|ARM
		{FBD70CFA-B336-4729-AC92-562072020D6E}.Release|ARM.Deploy.0 = Release|ARM
		{FBD70CFA-B336-4729-AC92-562072020D6E}.Release|x86.ActiveCfg = Release|x86
		{FBD70CFA-B336-4729-AC92-562072020D6E}.Release|x86.Build.0 = Release|x86
		{FBD70CFA-B336-4729-AC92-562072020D6E}.Release|x86.Deploy.0 = Release|x86
		{DA7EB282-9B64-45F8-91D3-4405879C41BE}.Debug|Any CPU.ActiveCfg = Debug|Any CPU
		{DA7EB282-9B64-45F8-91D3-4405879C41BE}.Debug|Any CPU.Build.0 = Debug|Any CPU
		{DA7EB282-9B64-45F8-91D3-4405879C41BE}.Debug|Any CPU.Deploy.0 = Debug|Any CPU
		{DA7EB282-9B64-45F8-91D3-4405879C41BE}.Debug|ARM.ActiveCfg = Debug|ARM
		{DA7EB282-9B64-45F8-91D3-4405879C41BE}.Debug|ARM.Build.0 = Debug|ARM
		{DA7EB282-9B64-45F8-91D3-4405879C41BE}.Debug|ARM.Deploy.0 = Debug|ARM
		{DA7EB282-9B64-45F8-91D3-4405879C41BE}.Debug|x86.ActiveCfg = Debug|x86
		{DA7EB282-9B64-45F8-91D3-4405879C41BE}.Debug|x86.Build.0 = Debug|x86
		{DA7EB282-9B64-45F8-91D3-4405879C41BE}.Debug|x86.Deploy.0 = Debug|x86
		{DA7EB282-9B64-45F8-91D3-4405879C41BE}.Release|Any CPU.ActiveCfg = Release|Any CPU
		{DA7EB282-9B64-45F8-91D3-4405879C41BE}.Release|Any CPU.Build.0 = Release|Any CPU
		{DA7EB282-9B64-45F8-91D3-4405879C41BE}.Release|Any CPU.Deploy.0 = Release|Any CPU
		{DA7EB282-9B64-45F8-91D3-4405879C41BE}.Release|ARM.ActiveCfg = Release|ARM
		{DA7EB282-9B64-45F8-91D3-4405879C41BE}.Release|ARM.Build.0 = Release|ARM
		{DA7EB282-9B64-45F8-91D3-4405879C41BE}.Release|ARM.Deploy.0 = Release|ARM
		{DA7EB282-9B64-45F8-91D3-4405879C41BE}.Release|x86.ActiveCfg = Release|x86
		{DA7EB282-9B64-45F8-91D3-4405879C41BE}.Release|x86.Build.0 = Release|x86
		{DA7EB282-9B64-45F8-91D3-4405879C41BE}.Release|x86.Deploy.0 = Release|x86
		{413F83C2-AA34-4860-95B4-247844930589}.Debug|Any CPU.ActiveCfg = Debug|Any CPU
		{413F83C2-AA34-4860-95B4-247844930589}.Debug|Any CPU.Build.0 = Debug|Any CPU
		{413F83C2-AA34-4860-95B4-247844930589}.Debug|Any CPU.Deploy.0 = Debug|Any CPU
		{413F83C2-AA34-4860-95B4-247844930589}.Debug|ARM.ActiveCfg = Debug|ARM
		{413F83C2-AA34-4860-95B4-247844930589}.Debug|ARM.Build.0 = Debug|ARM
		{413F83C2-AA34-4860-95B4-247844930589}.Debug|ARM.Deploy.0 = Debug|ARM
		{413F83C2-AA34-4860-95B4-247844930589}.Debug|x86.ActiveCfg = Debug|x86
		{413F83C2-AA34-4860-95B4-247844930589}.Debug|x86.Build.0 = Debug|x86
		{413F83C2-AA34-4860-95B4-247844930589}.Debug|x86.Deploy.0 = Debug|x86
		{413F83C2-AA34-4860-95B4-247844930589}.Release|Any CPU.ActiveCfg = Release|Any CPU
		{413F83C2-AA34-4860-95B4-247844930589}.Release|Any CPU.Build.0 = Release|Any CPU
		{413F83C2-AA34-4860-95B4-247844930589}.Release|Any CPU.Deploy.0 = Release|Any CPU
		{413F83C2-AA34-4860-95B4-247844930589}.Release|ARM.ActiveCfg = Release|ARM
		{413F83C2-AA34-4860-95B4-247844930589}.Release|ARM.Build.0 = Release|ARM
		{413F83C2-AA34-4860-95B4-247844930589}.Release|ARM.Deploy.0 = Release|ARM
		{413F83C2-AA34-4860-95B4-247844930589}.Release|x86.ActiveCfg = Release|x86
		{413F83C2-AA34-4860-95B4-247844930589}.Release|x86.Build.0 = Release|x86
		{413F83C2-AA34-4860-95B4-247844930589}.Release|x86.Deploy.0 = Release|x86
		{055F7C22-C851-4509-815F-642B5A436878}.Debug|Any CPU.ActiveCfg = Debug|Any CPU
		{055F7C22-C851-4509-815F-642B5A436878}.Debug|Any CPU.Build.0 = Debug|Any CPU
		{055F7C22-C851-4509-815F-642B5A436878}.Debug|Any CPU.Deploy.0 = Debug|Any CPU
		{055F7C22-C851-4509-815F-642B5A436878}.Debug|ARM.ActiveCfg = Debug|ARM
		{055F7C22-C851-4509-815F-642B5A436878}.Debug|ARM.Build.0 = Debug|ARM
		{055F7C22-C851-4509-815F-642B5A436878}.Debug|ARM.Deploy.0 = Debug|ARM
		{055F7C22-C851-4509-815F-642B5A436878}.Debug|x86.ActiveCfg = Debug|x86
		{055F7C22-C851-4509-815F-642B5A436878}.Debug|x86.Build.0 = Debug|x86
		{055F7C22-C851-4509-815F-642B5A436878}.Debug|x86.Deploy.0 = Debug|x86
		{055F7C22-C851-4509-815F-642B5A436878}.Release|Any CPU.ActiveCfg = Release|Any CPU
		{055F7C22-C851-4509-815F-642B5A436878}.Release|Any CPU.Build.0 = Release|Any CPU
		{055F7C22-C851-4509-815F-642B5A436878}.Release|Any CPU.Deploy.0 = Release|Any CPU
		{055F7C22-C851-4509-815F-642B5A436878}.Release|ARM.ActiveCfg = Release|ARM
		{055F7C22-C851-4509-815F-642B5A436878}.Release|ARM.Build.0 = Release|ARM
		{055F7C22-C851-4509-815F-642B5A436878}.Release|ARM.Deploy.0 = Release|ARM
		{055F7C22-C851-4509-815F-642B5A436878}.Release|x86.ActiveCfg = Release|x86
		{055F7C22-C851-4509-815F-642B5A436878}.Release|x86.Build.0 = Release|x86
		{055F7C22-C851-4509-815F-642B5A436878}.Release|x86.Deploy.0 = Release|x86
		{031F6384-2C67-434F-A44F-325CFEFCDE2C}.Debug|Any CPU.ActiveCfg = Debug|Any CPU
		{031F6384-2C67-434F-A44F-325CFEFCDE2C}.Debug|Any CPU.Build.0 = Debug|Any CPU
		{031F6384-2C67-434F-A44F-325CFEFCDE2C}.Debug|Any CPU.Deploy.0 = Debug|Any CPU
		{031F6384-2C67-434F-A44F-325CFEFCDE2C}.Debug|ARM.ActiveCfg = Debug|ARM
		{031F6384-2C67-434F-A44F-325CFEFCDE2C}.Debug|ARM.Build.0 = Debug|ARM
		{031F6384-2C67-434F-A44F-325CFEFCDE2C}.Debug|ARM.Deploy.0 = Debug|ARM
		{031F6384-2C67-434F-A44F-325CFEFCDE2C}.Debug|x86.ActiveCfg = Debug|x86
		{031F6384-2C67-434F-A44F-325CFEFCDE2C}.Debug|x86.Build.0 = Debug|x86
		{031F6384-2C67-434F-A44F-325CFEFCDE2C}.Debug|x86.Deploy.0 = Debug|x86
		{031F6384-2C67-434F-A44F-325CFEFCDE2C}.Release|Any CPU.ActiveCfg = Release|Any CPU
		{031F6384-2C67-434F-A44F-325CFEFCDE2C}.Release|Any CPU.Build.0 = Release|Any CPU
		{031F6384-2C67-434F-A44F-325CFEFCDE2C}.Release|Any CPU.Deploy.0 = Release|Any CPU
		{031F6384-2C67-434F-A44F-325CFEFCDE2C}.Release|ARM.ActiveCfg = Release|ARM
		{031F6384-2C67-434F-A44F-325CFEFCDE2C}.Release|ARM.Build.0 = Release|ARM
		{031F6384-2C67-434F-A44F-325CFEFCDE2C}.Release|ARM.Deploy.0 = Release|ARM
		{031F6384-2C67-434F-A44F-325CFEFCDE2C}.Release|x86.ActiveCfg = Release|x86
		{031F6384-2C67-434F-A44F-325CFEFCDE2C}.Release|x86.Build.0 = Release|x86
		{031F6384-2C67-434F-A44F-325CFEFCDE2C}.Release|x86.Deploy.0 = Release|x86
		{6A39E985-2B12-4954-A0FC-C72778CDA831}.Debug|Any CPU.ActiveCfg = Debug|Any CPU
		{6A39E985-2B12-4954-A0FC-C72778CDA831}.Debug|Any CPU.Build.0 = Debug|Any CPU
		{6A39E985-2B12-4954-A0FC-C72778CDA831}.Debug|Any CPU.Deploy.0 = Debug|Any CPU
		{6A39E985-2B12-4954-A0FC-C72778CDA831}.Debug|ARM.ActiveCfg = Debug|ARM
		{6A39E985-2B12-4954-A0FC-C72778CDA831}.Debug|ARM.Build.0 = Debug|ARM
		{6A39E985-2B12-4954-A0FC-C72778CDA831}.Debug|ARM.Deploy.0 = Debug|ARM
		{6A39E985-2B12-4954-A0FC-C72778CDA831}.Debug|x86.ActiveCfg = Debug|x86
		{6A39E985-2B12-4954-A0FC-C72778CDA831}.Debug|x86.Build.0 = Debug|x86
		{6A39E985-2B12-4954-A0FC-C72778CDA831}.Debug|x86.Deploy.0 = Debug|x86
		{6A39E985-2B12-4954-A0FC-C72778CDA831}.Release|Any CPU.ActiveCfg = Release|Any CPU
		{6A39E985-2B12-4954-A0FC-C72778CDA831}.Release|Any CPU.Build.0 = Release|Any CPU
		{6A39E985-2B12-4954-A0FC-C72778CDA831}.Release|Any CPU.Deploy.0 = Release|Any CPU
		{6A39E985-2B12-4954-A0FC-C72778CDA831}.Release|ARM.ActiveCfg = Release|ARM
		{6A39E985-2B12-4954-A0FC-C72778CDA831}.Release|ARM.Build.0 = Release|ARM
		{6A39E985-2B12-4954-A0FC-C72778CDA831}.Release|ARM.Deploy.0 = Release|ARM
		{6A39E985-2B12-4954-A0FC-C72778CDA831}.Release|x86.ActiveCfg = Release|x86
		{6A39E985-2B12-4954-A0FC-C72778CDA831}.Release|x86.Build.0 = Release|x86
		{6A39E985-2B12-4954-A0FC-C72778CDA831}.Release|x86.Deploy.0 = Release|x86
		{62E4C48F-6EE5-4813-B121-ACF5B24D8EBE}.Debug|Any CPU.ActiveCfg = Debug|Any CPU
		{62E4C48F-6EE5-4813-B121-ACF5B24D8EBE}.Debug|Any CPU.Build.0 = Debug|Any CPU
		{62E4C48F-6EE5-4813-B121-ACF5B24D8EBE}.Debug|Any CPU.Deploy.0 = Debug|Any CPU
		{62E4C48F-6EE5-4813-B121-ACF5B24D8EBE}.Debug|ARM.ActiveCfg = Debug|ARM
		{62E4C48F-6EE5-4813-B121-ACF5B24D8EBE}.Debug|ARM.Build.0 = Debug|ARM
		{62E4C48F-6EE5-4813-B121-ACF5B24D8EBE}.Debug|ARM.Deploy.0 = Debug|ARM
		{62E4C48F-6EE5-4813-B121-ACF5B24D8EBE}.Debug|x86.ActiveCfg = Debug|x86
		{62E4C48F-6EE5-4813-B121-ACF5B24D8EBE}.Debug|x86.Build.0 = Debug|x86
		{62E4C48F-6EE5-4813-B121-ACF5B24D8EBE}.Debug|x86.Deploy.0 = Debug|x86
		{62E4C48F-6EE5-4813-B121-ACF5B24D8EBE}.Release|Any CPU.ActiveCfg = Release|Any CPU
		{62E4C48F-6EE5-4813-B121-ACF5B24D8EBE}.Release|Any CPU.Build.0 = Release|Any CPU
		{62E4C48F-6EE5-4813-B121-ACF5B24D8EBE}.Release|Any CPU.Deploy.0 = Release|Any CPU
		{62E4C48F-6EE5-4813-B121-ACF5B24D8EBE}.Release|ARM.ActiveCfg = Release|ARM
		{62E4C48F-6EE5-4813-B121-ACF5B24D8EBE}.Release|ARM.Build.0 = Release|ARM
		{62E4C48F-6EE5-4813-B121-ACF5B24D8EBE}.Release|ARM.Deploy.0 = Release|ARM
		{62E4C48F-6EE5-4813-B121-ACF5B24D8EBE}.Release|x86.ActiveCfg = Release|x86
		{62E4C48F-6EE5-4813-B121-ACF5B24D8EBE}.Release|x86.Build.0 = Release|x86
		{62E4C48F-6EE5-4813-B121-ACF5B24D8EBE}.Release|x86.Deploy.0 = Release|x86
		{DE6A82FD-3410-4CD9-97E8-A5356F6E534C}.Debug|Any CPU.ActiveCfg = Debug|Any CPU
		{DE6A82FD-3410-4CD9-97E8-A5356F6E534C}.Debug|Any CPU.Build.0 = Debug|Any CPU
		{DE6A82FD-3410-4CD9-97E8-A5356F6E534C}.Debug|Any CPU.Deploy.0 = Debug|Any CPU
		{DE6A82FD-3410-4CD9-97E8-A5356F6E534C}.Debug|ARM.ActiveCfg = Debug|ARM
		{DE6A82FD-3410-4CD9-97E8-A5356F6E534C}.Debug|ARM.Build.0 = Debug|ARM
		{DE6A82FD-3410-4CD9-97E8-A5356F6E534C}.Debug|ARM.Deploy.0 = Debug|ARM
		{DE6A82FD-3410-4CD9-97E8-A5356F6E534C}.Debug|x86.ActiveCfg = Debug|x86
		{DE6A82FD-3410-4CD9-97E8-A5356F6E534C}.Debug|x86.Build.0 = Debug|x86
		{DE6A82FD-3410-4CD9-97E8-A5356F6E534C}.Debug|x86.Deploy.0 = Debug|x86
		{DE6A82FD-3410-4CD9-97E8-A5356F6E534C}.Release|Any CPU.ActiveCfg = Release|Any CPU
		{DE6A82FD-3410-4CD9-97E8-A5356F6E534C}.Release|Any CPU.Build.0 = Release|Any CPU
		{DE6A82FD-3410-4CD9-97E8-A5356F6E534C}.Release|Any CPU.Deploy.0 = Release|Any CPU
		{DE6A82FD-3410-4CD9-97E8-A5356F6E534C}.Release|ARM.ActiveCfg = Release|ARM
		{DE6A82FD-3410-4CD9-97E8-A5356F6E534C}.Release|ARM.Build.0 = Release|ARM
		{DE6A82FD-3410-4CD9-97E8-A5356F6E534C}.Release|ARM.Deploy.0 = Release|ARM
		{DE6A82FD-3410-4CD9-97E8-A5356F6E534C}.Release|x86.ActiveCfg = Release|x86
		{DE6A82FD-3410-4CD9-97E8-A5356F6E534C}.Release|x86.Build.0 = Release|x86
		{DE6A82FD-3410-4CD9-97E8-A5356F6E534C}.Release|x86.Deploy.0 = Release|x86
	EndGlobalSection
	GlobalSection(SolutionProperties) = preSolution
		HideSolutionNode = FALSE
	EndGlobalSection
EndGlobal
